
Microsoft Visual Studio Solution File, Format Version 12.00
# Visual Studio Version 17
VisualStudioVersion = 17.11.35312.102
MinimumVisualStudioVersion = 10.0.40219.1
Project("{FAE04EC0-301F-11D3-BF4B-00C04F79EFBC}") = "CatassSlider", "CatassSlider.csproj", "{807493EA-8344-4782-BAFB-2DBAFEAECE1D}"
EndProject
Global
	GlobalSection(SolutionConfigurationPlatforms) = preSolution
		Debug|Any CPU = Debug|Any CPU
		Release|Any CPU = Release|Any CPU
	EndGlobalSection
	GlobalSection(ProjectConfigurationPlatforms) = postSolution
		{807493EA-8344-4782-BAFB-2DBAFEAECE1D}.Debug|Any CPU.ActiveCfg = Debug|Any CPU
		{807493EA-8344-4782-BAFB-2DBAFEAECE1D}.Debug|Any CPU.Build.0 = Debug|Any CPU
		{807493EA-8344-4782-BAFB-2DBAFEAECE1D}.Debug|Any CPU.Deploy.0 = Debug|Any CPU
		{807493EA-8344-4782-BAFB-2DBAFEAECE1D}.Release|Any CPU.ActiveCfg = Release|Any CPU
		{807493EA-8344-4782-BAFB-2DBAFEAECE1D}.Release|Any CPU.Build.0 = Release|Any CPU
		{807493EA-8344-4782-BAFB-2DBAFEAECE1D}.Release|Any CPU.Deploy.0 = Release|Any CPU
	EndGlobalSection
	GlobalSection(SolutionProperties) = preSolution
		HideSolutionNode = FALSE
	EndGlobalSection
	GlobalSection(ExtensibilityGlobals) = postSolution
		SolutionGuid = {B7498B6A-DE5F-4079-AF40-079A5CC5A489}
	EndGlobalSection
EndGlobal
